{
    "_meta": {
        "hash": {
            "sha256": "77ecfb7b3a8deb7ee7fb54baef123614d57f05934c2cc6a9a47aa01cca452707"
        },
        "pipfile-spec": 6,
        "requires": {
            "python_version": "3.9"
        },
        "sources": [
            {
                "name": "pypi",
                "url": "https://pypi.org/simple",
                "verify_ssl": true
            }
        ]
    },
    "default": {
        "bitstring": {
            "hashes": [
                "sha256:0de167daa6a00c9386255a7cac931b45e6e24e0ad7ea64f1f92a64ac23ad4578",
                "sha256:a5848a3f63111785224dca8bb4c0a75b62ecdef56a042c8d6be74b16f7e860e7",
                "sha256:e3e340e58900a948787a05e8c08772f1ccbe133f6f41fe3f0fa19a18a22bbf4f"
            ],
            "index": "pypi",
            "version": "==3.1.9"
        },
        "libnum": {
            "hashes": [
                "sha256:c13d0001c8e67d0e310e36f16b59c14114840b718888a613e17ad36c6ecc9422",
                "sha256:eb56a64397e68571795792a6732102387dd74d16596a115e03c3d0215149fa35"
            ],
            "index": "pypi",
            "version": "==1.7.1"
        },
        "tqdm": {
            "hashes": [
                "sha256:5f4f682a004951c1b450bc753c710e9280c5746ce6ffedee253ddbcbf54cf1e4",
                "sha256:6fee160d6ffcd1b1c68c65f14c829c22832bc401726335ce92c52d395944a6a1"
            ],
            "index": "pypi",
            "version": "==4.64.1"
        }
    },
    "develop": {}
}
